
Microsoft Visual Studio Solution File, Format Version 12.00
# Visual Studio 14
VisualStudioVersion = 14.0.24720.0
MinimumVisualStudioVersion = 10.0.40219.1
Project("{FAE04EC0-301F-11D3-BF4B-00C04F79EFBC}") = "AuroraDb", "AuroraDb\AuroraDb.csproj", "{19A2762C-3A6D-4FD8-89A3-4719B32EB5BE}"
EndProject
Project("{FAE04EC0-301F-11D3-BF4B-00C04F79EFBC}") = "Test", "..\Test\Test\Test.csproj", "{68F1D101-371B-4B68-BDA6-41B735180146}"
EndProject
Global
	GlobalSection(SolutionConfigurationPlatforms) = preSolution
		Debug|Any CPU = Debug|Any CPU
		Release|Any CPU = Release|Any CPU
	EndGlobalSection
	GlobalSection(ProjectConfigurationPlatforms) = postSolution
		{19A2762C-3A6D-4FD8-89A3-4719B32EB5BE}.Debug|Any CPU.ActiveCfg = Debug|Any CPU
		{19A2762C-3A6D-4FD8-89A3-4719B32EB5BE}.Debug|Any CPU.Build.0 = Debug|Any CPU
		{19A2762C-3A6D-4FD8-89A3-4719B32EB5BE}.Release|Any CPU.ActiveCfg = Release|Any CPU
		{19A2762C-3A6D-4FD8-89A3-4719B32EB5BE}.Release|Any CPU.Build.0 = Release|Any CPU
		{68F1D101-371B-4B68-BDA6-41B735180146}.Debug|Any CPU.ActiveCfg = Debug|Any CPU
		{68F1D101-371B-4B68-BDA6-41B735180146}.Debug|Any CPU.Build.0 = Debug|Any CPU
		{68F1D101-371B-4B68-BDA6-41B735180146}.Release|Any CPU.ActiveCfg = Release|Any CPU
		{68F1D101-371B-4B68-BDA6-41B735180146}.Release|Any CPU.Build.0 = Release|Any CPU
	EndGlobalSection
	GlobalSection(SolutionProperties) = preSolution
		HideSolutionNode = FALSE
	EndGlobalSection
EndGlobal
